{
    "_meta": {
        "hash": {
            "sha256": "4e926b32ece6c3e04700e6ec2e434ff61354c7021bb82c88c72e9f0a6370eac5"
        },
        "pipfile-spec": 6,
        "requires": {
            "python_version": "3.12"
        },
        "sources": [
            {
                "name": "pypi",
                "url": "https://pypi.org/simple",
                "verify_ssl": true
            }
        ]
    },
    "default": {
        "colorama": {
            "hashes": [
                "sha256:08695f5cb7ed6e0531a20572697297273c47b8cae5a63ffc6d6ed5c201be6e44",
                "sha256:4f1d9991f5acc0ca119f9d443620b77f9d6b33703e51011c16baf57afb285fc6"
            ],
            "markers": "sys_platform == 'win32'",
            "version": "==0.4.6"
        },
        "et-xmlfile": {
            "hashes": [
                "sha256:7a91720bc756843502c3b7504c77b8fe44217c85c537d85037f0f536151b2caa",
                "sha256:dab3f4764309081ce75662649be815c4c9081e88f0837825f90fd28317d4da54"
            ],
            "markers": "python_version >= '3.8'",
            "version": "==2.0.0"
        },
        "loguru": {
            "hashes": [
                "sha256:19480589e77d47b8d85b2c827ad95d49bf31b0dcde16593892eb51dd18706eb6",
                "sha256:31a33c10c8e1e10422bfd431aeb5d351c7cf7fa671e3c4df004162264b28220c"
            ],
            "index": "pypi",
            "markers": "python_version >= '3.5' and python_version < '4.0'",
            "version": "==0.7.3"
        },
        "openpyxl": {
            "hashes": [
                "sha256:5282c12b107bffeef825f4617dc029afaf41d0ea60823bbb665ef3079dc79de2",
                "sha256:cf0e3cf56142039133628b5acffe8ef0c12bc902d2aadd3e0fe5878dc08d1050"
            ],
            "index": "pypi",
            "markers": "python_version >= '3.8'",
            "version": "==3.1.5"
        },
        "pyodbc": {
            "hashes": [
                "sha256:057b8ede91b21d9f0ef58210d1ca1aad704e641ca68ac6b02f109d86b61d7402",
                "sha256:0dae0fb86078c87acf135dbe5afd3c7d15d52ab0db5965c44159e84058c3e2fb",
                "sha256:0e4412f8e608db2a4be5bcc75f9581f386ed6a427dbcb5eac795049ba6fc205e",
                "sha256:113f904b9852c12f10c7a3288f5a3563ecdbbefe3ccc829074a9eb8255edcd29",
                "sha256:207f16b7e9bf09c591616429ebf2b47127e879aad21167ac15158910dc9bbcda",
                "sha256:26844d780045bbc3514d5c2f0d89e7fda7df7db0bd24292eb6902046f5730885",
                "sha256:26b7f8324fa01c09fe4843ad8adb0b131299ef263a1fb9e63830c9cd1d5c45e4",
                "sha256:26d2d8fd53b71204c755abc53b0379df4e23fd9a40faf211e1cb87e8a32470f0",
                "sha256:2b5323be83fedc79a6d1e1b96e67bdc368c1d3f1562b8f8184b735acdd749ae9",
                "sha256:4627779f0a608b51ce2d2fe6d1d395384e65ca36248bf9dbb6d7cf2c8fda1cab",
                "sha256:4d997d3b6551273647825c734158ca8a6f682df269f6b3975f2499c01577ddec",
                "sha256:4fde753fcea625bfaed36edae34c2fba15bf0b5d0ea27474ee038ef47b684d1d",
                "sha256:5102007a8c78dd2fc1c1b6f6147de8cfc020f81013e4b46c33e66aaa7d1bf7b1",
                "sha256:5f0ecbc7067467df95c9b8bd38fb2682c4a13a3402d77dccaddf1e145cea8cc0",
                "sha256:600ef6f562f609f5612ffaa8a93827249150aa3030c867937c87b24a1608967e",
                "sha256:6493b9c7506ca964b80ad638d0dc82869df7058255d71f04fdd1405e88bcb36b",
                "sha256:74135cb10c1dcdbd99fe429c61539c232140e62939fa7c69b0a373cc552e4a08",
                "sha256:770e1ac2e7bdf31439bf1d57a1d34ae37d6151216367e8e3f6cdc275006c8bb0",
                "sha256:7e3cbc7075a46c411b531ada557c4aef13d034060a70077717124cabc1717e2d",
                "sha256:96d3127f28c0dacf18da7ae009cd48eac532d3dcc718a334b86a3c65f6a5ef5c",
                "sha256:97d086a8f7a302b74c9c2e77bedf954a603b19168af900d4d3a97322e773df63",
                "sha256:9e8f4ee2c523bbe85124540ffad62a3b62ae481f012e390ef93e0602b6302e5e",
                "sha256:9f7badd0055221a744d76c11440c0856fd2846ed53b6555cf8f0a8893a3e4b03",
                "sha256:a27996b6d27e275dfb5fe8a34087ba1cacadfd1439e636874ef675faea5149d9",
                "sha256:ad633c52f4f4e7691daaa2278d6e6ebb2fe4ae7709e610e22c7dd1a1d620cf8b",
                "sha256:b1f5686b142759c5b2bdbeaa0692622c2ebb1f10780eb3c174b85f5607fbcf55",
                "sha256:b77556349746fb90416a48bd114cd7323f7e2559a4b263dada935f9b406ba59b",
                "sha256:be43d1ece4f2cf4d430996689d89a1a15aeb3a8da8262527e5ced5aee27e89c3",
                "sha256:d287121eeaa562b9ab3d4c52fa77c793dfedd127049273eb882a05d3d67a8ce8",
                "sha256:d57843b9792994f9e73b91667da6452a4f2d7caaa2499598783eb972c4b6eb93",
                "sha256:dc5342d1d09466f9e76e3979551f9205a01ff0ea78b02d2d889171e8c3c4fb9c",
                "sha256:de1ee7ec2eb326b7be5e2c4ce20d472c5ef1a6eb838d126d1d26779ff5486e49",
                "sha256:de8be39809c8ddeeee26a4b876a6463529cd487a60d1393eb2a93e9bcd44a8f5",
                "sha256:e04de873607fb960e71953c164c83e8e5d9291ce0d69e688e54947b254b04902",
                "sha256:eaf42c4bd323b8fd01f1cd900cca2d09232155f9b8f0b9bcd0be66763588ce64",
                "sha256:eb0850e3e3782f57457feed297e220bb20c3e8fd7550d7a6b6bb96112bd9b6fe",
                "sha256:f1f38adc47d36af392475cd4aaae0f35652fdc9e8364bf155810fe1be591336f"
            ],
            "index": "pypi",
            "markers": "python_version >= '3.8'",
            "version": "==5.2.0"
        },
        "pywin32": {
            "hashes": [
                "sha256:00b3e11ef09ede56c6a43c71f2d31857cf7c54b0ab6e78ac659497abd2834f47",
                "sha256:100a5442b7332070983c4cd03f2e906a5648a5104b8a7f50175f7906efd16bb6",
                "sha256:13dcb914ed4347019fbec6697a01a0aec61019c1046c2b905410d197856326a6",
                "sha256:1c44539a37a5b7b21d02ab34e6a4d314e0788f1690d65b48e9b0b89f31abbbed",
                "sha256:1f696ab352a2ddd63bd07430080dd598e6369152ea13a25ebcdd2f503a38f1ff",
                "sha256:3b92622e29d651c6b783e368ba7d6722b1634b8e70bd376fd7610fe1992e19de",
                "sha256:4fc888c59b3c0bef905ce7eb7e2106a07712015ea1c8234b703a088d46110e8e",
                "sha256:575621b90f0dc2695fec346b2d6302faebd4f0f45c05ea29404cefe35d89442b",
                "sha256:5794e764ebcabf4ff08c555b31bd348c9025929371763b2183172ff4708152f0",
                "sha256:587f3e19696f4bf96fde9d8a57cec74a57021ad5f204c9e627e15c33ff568897",
                "sha256:5d8c8015b24a7d6855b1550d8e660d8daa09983c80e5daf89a273e5c6fb5095a",
                "sha256:71b3322d949b4cc20776436a9c9ba0eeedcbc9c650daa536df63f0ff111bb920",
                "sha256:7873ca4dc60ab3287919881a7d4f88baee4a6e639aa6962de25a98ba6b193341",
                "sha256:796ff4426437896550d2981b9c2ac0ffd75238ad9ea2d3bfa67a1abd546d262e",
                "sha256:9b4de86c8d909aed15b7011182c8cab38c8850de36e6afb1f0db22b8959e3091",
                "sha256:a5ab5381813b40f264fa3495b98af850098f814a25a63589a8e9eb12560f450c",
                "sha256:ef313c46d4c18dfb82a2431e3051ac8f112ccee1a34f29c263c583c568db63cd",
                "sha256:fd380990e792eaf6827fcb7e187b2b4b1cede0585e3d0c9e84201ec27b9905e4"
            ],
            "index": "pypi",
            "version": "==308"
        },
        "win32-setctime": {
            "hashes": [
                "sha256:95d644c4e708aba81dc3704a116d8cbc974d70b3bdb8be1d150e36be6e9d1390",
                "sha256:ae1fdf948f5640aae05c511ade119313fb6a30d7eabe25fef9764dca5873c4c0"
            ],
            "markers": "sys_platform == 'win32'",
            "version": "==1.2.0"
        },
        "xlwings": {
            "hashes": [
                "sha256:029ee9b5b96e15e9623eb0ac0a504358decf98cbf949177c646465dd0f02894f",
                "sha256:04559d399416a890b64ff1e486cf28e19f52a236beb5333745e1a35fa631caca",
                "sha256:0da4c22e6c8845e1e009b67ca023d3c7efe6ec8315ef030397d787302b593139",
                "sha256:14934b1f61790a930800a16c8d2006db7fd856e7545cbfdf307239bf1de8cc53",
                "sha256:1ad8e735167f48fc8cd5753958685835d4bbe6d62b8feff68eaea14058924916",
                "sha256:1d1bf2d9b622b815c7fc1c19fcf77b24082e47adddcc473ed66c34b97f03b20d",
                "sha256:1f710938736dfe597f64063872dc9e85174b7a3313f86bc41ccbaa4da77e700b",
                "sha256:271a52897caa7e1eaacfd5e2923ca533e59f5722f820f0a52de6d95a4a492f13",
                "sha256:2b7eb8b01acfc74f285cdf7e02f4e70d73921ecf46c2d63120b01e6b0715b59b",
                "sha256:2f42797e031d98da9ba97c79ce183baa88e494f5ba6b20698302ad375133d106",
                "sha256:33916a802b708c94d1011528d4df9bd7a3ac9d22255ce740f1e8c41da21dbe7a",
                "sha256:35e6b73d75cc79dcde406e208c010f996ab60bec2d53116232661733dfdf40a1",
                "sha256:37df60b260a809671d03c14d92a95221810d053831c87239c704cbd7558d5d3d",
                "sha256:37f8d02d9541d5d883d6389f1b9be4eb68d7dd8cdffbc4b22fa9bba139b8c24f",
                "sha256:3bcc8f1601f7cb9dccd38e3be4ac8d8eb439e51112f06c4d9e97f02c88dc04af",
                "sha256:4280c26bb049f101419b117326a8918abf30d79bfac8d7586d078dba9f19cad2",
                "sha256:42b02dd9959146acd1da80f7d9b6a5ed01f93c3447db4368582368cd41490af8",
                "sha256:47246206b43968eb421829c34dc90cca6d5e2da4431f591825b258ef88695b82",
                "sha256:54dddcd7c706b74b94c3fcf071f70ed373e57e80a19e4f317d4321fca5f58642",
                "sha256:570d0f6c8af501be8717d9798951f1e78d6bcc6524e8871e2e58a188ab7d6cc2",
                "sha256:5f37e99a1fd6b49cfb3c446f1aaeaff730df5730f6695e95b97fe96fb82ee86d",
                "sha256:783ce247e218d651fc632c94ba9bfcea233787f6d3e08a1a4972f18702fbb1c6",
                "sha256:7f1d17c6d8995657a8acbd3038bc6130247f029864a9d9c39b5ffaccbc52b43a",
                "sha256:81bbcedfd2ad55e76bdde19e3acc8daf93c24b7cbebc2230f6c9a39fc4624432",
                "sha256:822fd56efe3b80278e4864126f106748a6f4455cdd7a00aa88d76344878537f4",
                "sha256:824d583945f63adca985441ebec03bbcbcd10884e8bae4123da26d356e0828ad",
                "sha256:84aa28e23db9ea3e830d3500ea2bf42700f11997c9e65daadf83470b7ccd3007",
                "sha256:8814212971313caa93ece8bee9f9e8ea5d4a697aa258db6d521c892ee7145cf1",
                "sha256:8b53ff3945d085adc972598bcd54203423ca2f4a1796b60df45d33453c236488",
                "sha256:9f0c69d790e3b59c848e1329e8bf3d58db5fb66193cc7c7fd6f94a01333bdb78",
                "sha256:a37ddae557fc54023fc3087c681458d6108ebffa9b85cd7b892270f935e1d1f2",
                "sha256:ace2a3bff9a101aa5c312c2fb489357b149b0ab408f5aa521653c608aabb13ee",
                "sha256:b7cbd140aa2320f2a469c94f84579594c8be05de735b11651c05d88bf682ca66",
                "sha256:beb4749735d1407280f5e9ba8ff55a7ecce4d80b3b6fccafc2cac0075bd3ca36",
                "sha256:d031b87f32f67e78dd4a151b3a6a388b148437cdc8e26e13956336a97a55bfee",
                "sha256:d983f847a0565ab7481ab2a1287fd5d4c963def77f93cc1b7ec7ac15bb2fde60",
                "sha256:d992cfc1057b094103640b76b29dc6efb33fafdc1fe79c6eac50bf984c60bd75",
                "sha256:d9b96751b1af8d5419e015be611f4f68403aa6eda152d8d31147639b5961cd35",
                "sha256:e74235bd184a951ce1edc5a8c8dfbb9574a559550d68f3a65344aa2ceb382a7e",
                "sha256:ecd157986855ac5e23b77667e59e4b6c076c82735a8b0029642e0aeeae2df574",
                "sha256:f432a38c0efa27c9b87975583362d814516695b49ef6a0afd2fe4168ff5251a4",
                "sha256:f7e489e064188b47b9e2c34e78a08da8e1dec922af65bfe11683511fdef62384"
            ],
            "index": "pypi",
            "markers": "python_version >= '3.9'",
            "version": "==0.33.6"
        }
    },
    "develop": {}
}
